github.com/fogleman/delaunay v0.0.0-20180910191513-63f09b4c883d h1:TEEc0gLspsm9q0dWZZYiH0blV1MhPQnshLqSoANbxMk=
github.com/fogleman/delaunay v0.0.0-20180910191513-63f09b4c883d/go.mod h1:Twj6uBC/dSqh5vCcgzy/jO/4QWu9lqPTt1v3WEz68z8=
gonum.org/v1/gonum v0.16.0 h1:5+ul4Swaf3ESvrOnidPp4GZbzf0mxVQpDCYUQE7OJfk=
gonum.org/v1/gonum v0.16.0/go.mod h1:fef3am4MQ93R2HHpKnLk4/Tbh/s0+wqD5nfa6Pnwy4E=
